
Microsoft Visual Studio Solution File, Format Version 12.00
# Visual Studio Version 16
VisualStudioVersion = 16.0.31729.503
MinimumVisualStudioVersion = 10.0.40219.1
Project("{FAE04EC0-301F-11D3-BF4B-00C04F79EFBC}") = "EmptyCoreDemo2", "EmptyCoreDemo2\EmptyCoreDemo2.csproj", "{47A560BC-ABEF-4F53-83F9-D23F2221D7CA}"
EndProject
Global
	GlobalSection(SolutionConfigurationPlatforms) = preSolution
		Debug|Any CPU = Debug|Any CPU
		Release|Any CPU = Release|Any CPU
	EndGlobalSection
	GlobalSection(ProjectConfigurationPlatforms) = postSolution
		{47A560BC-ABEF-4F53-83F9-D23F2221D7CA}.Debug|Any CPU.ActiveCfg = Debug|Any CPU
		{47A560BC-ABEF-4F53-83F9-D23F2221D7CA}.Debug|Any CPU.Build.0 = Debug|Any CPU
		{47A560BC-ABEF-4F53-83F9-D23F2221D7CA}.Release|Any CPU.ActiveCfg = Release|Any CPU
		{47A560BC-ABEF-4F53-83F9-D23F2221D7CA}.Release|Any CPU.Build.0 = Release|Any CPU
	EndGlobalSection
	GlobalSection(SolutionProperties) = preSolution
		HideSolutionNode = FALSE
	EndGlobalSection
	GlobalSection(ExtensibilityGlobals) = postSolution
		SolutionGuid = {FC5BC7C4-3C86-40FB-88DC-448378A07B00}
	EndGlobalSection
EndGlobal
